// !$*UTF8*$!
{
	archiveVersion = 1;
	classes = {
	};
	objectVersion = 46;
	objects = {

/* Begin PBXBuildFile section */
		8B8BDAD01E3AAB6F0081AA71 /* AppDelegate.swift in Sources */ = {isa = PBXBuildFile; fileRef = 8B8BDACF1E3AAB6F0081AA71 /* AppDelegate.swift */; };
		8B8BDAD21E3AAB6F0081AA71 /* ViewController.swift in Sources */ = {isa = PBXBuildFile; fileRef = 8B8BDAD11E3AAB6F0081AA71 /* ViewController.swift */; };
		8B8BDAD51E3AAB6F0081AA71 /* Main.storyboard in Resources */ = {isa = PBXBuildFile; fileRef = 8B8BDAD31E3AAB6F0081AA71 /* Main.storyboard */; };
		8B8BDAD71E3AAB6F0081AA71 /* Assets.xcassets in Resources */ = {isa = PBXBuildFile; fileRef = 8B8BDAD61E3AAB6F0081AA71 /* Assets.xcassets */; };
		8B8BDADA1E3AAB6F0081AA71 /* LaunchScreen.storyboard in Resources */ = {isa = PBXBuildFile; fileRef = 8B8BDAD81E3AAB6F0081AA71 /* LaunchScreen.storyboard */; };
		8B8BDAE31E3AAC1C0081AA71 /* libsqlite3.tbd in Frameworks */ = {isa = PBXBuildFile; fileRef = 8B8BDAE21E3AAC1C0081AA71 /* libsqlite3.tbd */; };
		8B8BDAE51E3AB4D10081AA71 /* showSecondViewController.swift in Sources */ = {isa = PBXBuildFile; fileRef = 8B8BDAE41E3AB4D10081AA71 /* showSecondViewController.swift */; };
		8B8BDAF21E3AC78C0081AA71 /* FMDatabase.m in Sources */ = {isa = PBXBuildFile; fileRef = 8B8BDAE91E3AC78C0081AA71 /* FMDatabase.m */; };
		8B8BDAF31E3AC78C0081AA71 /* FMResultSet.m in Sources */ = {isa = PBXBuildFile; fileRef = 8B8BDAEB1E3AC78C0081AA71 /* FMResultSet.m */; };
		8B8BDAF41E3AC78C0081AA71 /* FMDatabaseQueue.m in Sources */ = {isa = PBXBuildFile; fileRef = 8B8BDAED1E3AC78C0081AA71 /* FMDatabaseQueue.m */; };
		8B8BDAF51E3AC78C0081AA71 /* FMDatabaseAdditions.m in Sources */ = {isa = PBXBuildFile; fileRef = 8B8BDAEF1E3AC78C0081AA71 /* FMDatabaseAdditions.m */; };
		8B8BDAF61E3AC78C0081AA71 /* FMDatabasePool.m in Sources */ = {isa = PBXBuildFile; fileRef = 8B8BDAF11E3AC78C0081AA71 /* FMDatabasePool.m */; };
/* End PBXBuildFile section */

/* Begin PBXFileReference section */
		8B8BDACC1E3AAB6F0081AA71 /* sqliteNew.app */ = {isa = PBXFileReference; explicitFileType = wrapper.application; includeInIndex = 0; path = sqliteNew.app; sourceTree = BUILT_PRODUCTS_DIR; };
		8B8BDACF1E3AAB6F0081AA71 /* AppDelegate.swift */ = {isa = PBXFileReference; lastKnownFileType = sourcecode.swift; path = AppDelegate.swift; sourceTree = "<group>"; };
		8B8BDAD11E3AAB6F0081AA71 /* ViewController.swift */ = {isa = PBXFileReference; lastKnownFileType = sourcecode.swift; path = ViewController.swift; sourceTree = "<group>"; };
		8B8BDAD41E3AAB6F0081AA71 /* Base */ = {isa = PBXFileReference; lastKnownFileType = file.storyboard; name = Base; path = Base.lproj/Main.storyboard; sourceTree = "<group>"; };
		8B8BDAD61E3AAB6F0081AA71 /* Assets.xcassets */ = {isa = PBXFileReference; lastKnownFileType = folder.assetcatalog; path = Assets.xcassets; sourceTree = "<group>"; };
		8B8BDAD91E3AAB6F0081AA71 /* Base */ = {isa = PBXFileReference; lastKnownFileType = file.storyboard; name = Base; path = Base.lproj/LaunchScreen.storyboard; sourceTree = "<group>"; };
		8B8BDADB1E3AAB6F0081AA71 /* Info.plist */ = {isa = PBXFileReference; lastKnownFileType = text.plist.xml; path = Info.plist; sourceTree = "<group>"; };
		8B8BDAE21E3AAC1C0081AA71 /* libsqlite3.tbd */ = {isa = PBXFileReference; lastKnownFileType = "sourcecode.text-based-dylib-definition"; name = libsqlite3.tbd; path = usr/lib/libsqlite3.tbd; sourceTree = SDKROOT; };
		8B8BDAE41E3AB4D10081AA71 /* showSecondViewController.swift */ = {isa = PBXFileReference; fileEncoding = 4; lastKnownFileType = sourcecode.swift; path = showSecondViewController.swift; sourceTree = "<group>"; };
		8B8BDAE61E3AC78B0081AA71 /* sqliteNew-Bridging-Header.h */ = {isa = PBXFileReference; lastKnownFileType = sourcecode.c.h; path = "sqliteNew-Bridging-Header.h"; sourceTree = "<group>"; };
		8B8BDAE71E3AC78C0081AA71 /* FMDB.h */ = {isa = PBXFileReference; fileEncoding = 4; lastKnownFileType = sourcecode.c.h; name = FMDB.h; path = ../../fmdb/src/fmdb/FMDB.h; sourceTree = "<group>"; };
		8B8BDAE81E3AC78C0081AA71 /* FMDatabase.h */ = {isa = PBXFileReference; fileEncoding = 4; lastKnownFileType = sourcecode.c.h; name = FMDatabase.h; path = ../../fmdb/src/fmdb/FMDatabase.h; sourceTree = "<group>"; };
		8B8BDAE91E3AC78C0081AA71 /* FMDatabase.m */ = {isa = PBXFileReference; fileEncoding = 4; lastKnownFileType = sourcecode.c.objc; name = FMDatabase.m; path = ../../fmdb/src/fmdb/FMDatabase.m; sourceTree = "<group>"; };
		8B8BDAEA1E3AC78C0081AA71 /* FMResultSet.h */ = {isa = PBXFileReference; fileEncoding = 4; lastKnownFileType = sourcecode.c.h; name = FMResultSet.h; path = ../../fmdb/src/fmdb/FMResultSet.h; sourceTree = "<group>"; };
		8B8BDAEB1E3AC78C0081AA71 /* FMResultSet.m */ = {isa = PBXFileReference; fileEncoding = 4; lastKnownFileType = sourcecode.c.objc; name = FMResultSet.m; path = ../../fmdb/src/fmdb/FMResultSet.m; sourceTree = "<group>"; };
		8B8BDAEC1E3AC78C0081AA71 /* FMDatabaseQueue.h */ = {isa = PBXFileReference; fileEncoding = 4; lastKnownFileType = sourcecode.c.h; name = FMDatabaseQueue.h; path = ../../fmdb/src/fmdb/FMDatabaseQueue.h; sourceTree = "<group>"; };
		8B8BDAED1E3AC78C0081AA71 /* FMDatabaseQueue.m */ = {isa = PBXFileReference; fileEncoding = 4; lastKnownFileType = sourcecode.c.objc; name = FMDatabaseQueue.m; path = ../../fmdb/src/fmdb/FMDatabaseQueue.m; sourceTree = "<group>"; };
		8B8BDAEE1E3AC78C0081AA71 /* FMDatabaseAdditions.h */ = {isa = PBXFileReference; fileEncoding = 4; lastKnownFileType = sourcecode.c.h; name = FMDatabaseAdditions.h; path = ../../fmdb/src/fmdb/FMDatabaseAdditions.h; sourceTree = "<group>"; };
		8B8BDAEF1E3AC78C0081AA71 /* FMDatabaseAdditions.m */ = {isa = PBXFileReference; fileEncoding = 4; lastKnownFileType = sourcecode.c.objc; name = FMDatabaseAdditions.m; path = ../../fmdb/src/fmdb/FMDatabaseAdditions.m; sourceTree = "<group>"; };
		8B8BDAF01E3AC78C0081AA71 /* FMDatabasePool.h */ = {isa = PBXFileReference; fileEncoding = 4; lastKnownFileType = sourcecode.c.h; name = FMDatabasePool.h; path = ../../fmdb/src/fmdb/FMDatabasePool.h; sourceTree = "<group>"; };
		8B8BDAF11E3AC78C0081AA71 /* FMDatabasePool.m */ = {isa = PBXFileReference; fileEncoding = 4; lastKnownFileType = sourcecode.c.objc; name = FMDatabasePool.m; path = ../../fmdb/src/fmdb/FMDatabasePool.m; sourceTree = "<group>"; };
/* End PBXFileReference section */

/* Begin PBXFrameworksBuildPhase section */
		8B8BDAC91E3AAB6F0081AA71 /* Frameworks */ = {
			isa = PBXFrameworksBuildPhase;
			buildActionMask = 2147483647;
			files = (
				8B8BDAE31E3AAC1C0081AA71 /* libsqlite3.tbd in Frameworks */,
			);
			runOnlyForDeploymentPostprocessing = 0;
		};
/* End PBXFrameworksBuildPhase section */

/* Begin PBXGroup section */
		8B8BDAC31E3AAB6F0081AA71 = {
			isa = PBXGroup;
			children = (
				8B8BDACE1E3AAB6F0081AA71 /* sqliteNew */,
				8B8BDACD1E3AAB6F0081AA71 /* Products */,
				8B8BDAE11E3AAC1C0081AA71 /* Frameworks */,
			);
			sourceTree = "<group>";
		};
		8B8BDACD1E3AAB6F0081AA71 /* Products */ = {
			isa = PBXGroup;
			children = (
				8B8BDACC1E3AAB6F0081AA71 /* sqliteNew.app */,
			);
			name = Products;
			sourceTree = "<group>";
		};
		8B8BDACE1E3AAB6F0081AA71 /* sqliteNew */ = {
			isa = PBXGroup;
			children = (
				8B8BDACF1E3AAB6F0081AA71 /* AppDelegate.swift */,
				8B8BDAD11E3AAB6F0081AA71 /* ViewController.swift */,
				8B8BDAE71E3AC78C0081AA71 /* FMDB.h */,
				8B8BDAE81E3AC78C0081AA71 /* FMDatabase.h */,
				8B8BDAE91E3AC78C0081AA71 /* FMDatabase.m */,
				8B8BDAEA1E3AC78C0081AA71 /* FMResultSet.h */,
				8B8BDAEB1E3AC78C0081AA71 /* FMResultSet.m */,
				8B8BDAEC1E3AC78C0081AA71 /* FMDatabaseQueue.h */,
				8B8BDAED1E3AC78C0081AA71 /* FMDatabaseQueue.m */,
				8B8BDAEE1E3AC78C0081AA71 /* FMDatabaseAdditions.h */,
				8B8BDAEF1E3AC78C0081AA71 /* FMDatabaseAdditions.m */,
				8B8BDAF01E3AC78C0081AA71 /* FMDatabasePool.h */,
				8B8BDAF11E3AC78C0081AA71 /* FMDatabasePool.m */,
				8B8BDAD31E3AAB6F0081AA71 /* Main.storyboard */,
				8B8BDAE41E3AB4D10081AA71 /* showSecondViewController.swift */,
				8B8BDAD61E3AAB6F0081AA71 /* Assets.xcassets */,
				8B8BDAD81E3AAB6F0081AA71 /* LaunchScreen.storyboard */,
				8B8BDADB1E3AAB6F0081AA71 /* Info.plist */,
				8B8BDAE61E3AC78B0081AA71 /* sqliteNew-Bridging-Header.h */,
			);
			path = sqliteNew;
			sourceTree = "<group>";
		};
		8B8BDAE11E3AAC1C0081AA71 /* Frameworks */ = {
			isa = PBXGroup;
			children = (
				8B8BDAE21E3AAC1C0081AA71 /* libsqlite3.tbd */,
			);
			name = Frameworks;
			sourceTree = "<group>";
		};
/* End PBXGroup section */

/* Begin PBXNativeTarget section */
		8B8BDACB1E3AAB6F0081AA71 /* sqliteNew */ = {
			isa = PBXNativeTarget;
			buildConfigurationList = 8B8BDADE1E3AAB6F0081AA71 /* Build configuration list for PBXNativeTarget "sqliteNew" */;
			buildPhases = (
				8B8BDAC81E3AAB6F0081AA71 /* Sources */,
				8B8BDAC91E3AAB6F0081AA71 /* Frameworks */,
				8B8BDACA1E3AAB6F0081AA71 /* Resources */,
			);
			buildRules = (
			);
			dependencies = (
			);
			name = sqliteNew;
			productName = sqliteNew;
			productReference = 8B8BDACC1E3AAB6F0081AA71 /* sqliteNew.app */;
			productType = "com.apple.product-type.application";
		};
/* End PBXNativeTarget section */

/* Begin PBXProject section */
		8B8BDAC41E3AAB6F0081AA71 /* Project object */ = {
			isa = PBXProject;
			attributes = {
				LastSwiftUpdateCheck = 0820;
				LastUpgradeCheck = 0820;
				ORGANIZATIONNAME = Developer;
				TargetAttributes = {
					8B8BDACB1E3AAB6F0081AA71 = {
						CreatedOnToolsVersion = 8.2.1;
						DevelopmentTeam = Y44QXXQB5Q;
						LastSwiftMigration = 0820;
						ProvisioningStyle = Automatic;
					};
				};
			};
			buildConfigurationList = 8B8BDAC71E3AAB6F0081AA71 /* Build configuration list for PBXProject "sqliteNew" */;
			compatibilityVersion = "Xcode 3.2";
			developmentRegion = English;
			hasScannedForEncodings = 0;
			knownRegions = (
				en,
				Base,
			);
			mainGroup = 8B8BDAC31E3AAB6F0081AA71;
			productRefGroup = 8B8BDACD1E3AAB6F0081AA71 /* Products */;
			projectDirPath = "";
			projectRoot = "";
			targets = (
				8B8BDACB1E3AAB6F0081AA71 /* sqliteNew */,
			);
		};
/* End PBXProject section */

/* Begin PBXResourcesBuildPhase section */
		8B8BDACA1E3AAB6F0081AA71 /* Resources */ = {
			isa = PBXResourcesBuildPhase;
			buildActionMask = 2147483647;
			files = (
				8B8BDADA1E3AAB6F0081AA71 /* LaunchScreen.storyboard in Resources */,
				8B8BDAD71E3AAB6F0081AA71 /* Assets.xcassets in Resources */,
				8B8BDAD51E3AAB6F0081AA71 /* Main.storyboard in Resources */,
			);
			runOnlyForDeploymentPostprocessing = 0;
		};
/* End PBXResourcesBuildPhase section */

/* Begin PBXSourcesBuildPhase section */
		8B8BDAC81E3AAB6F0081AA71 /* Sources */ = {
			isa = PBXSourcesBuildPhase;
			buildActionMask = 2147483647;
			files = (
				8B8BDAE51E3AB4D10081AA71 /* showSecondViewController.swift in Sources */,
				8B8BDAD21E3AAB6F0081AA71 /* ViewController.swift in Sources */,
				8B8BDAD01E3AAB6F0081AA71 /* AppDelegate.swift in Sources */,
				8B8BDAF21E3AC78C0081AA71 /* FMDatabase.m in Sources */,
				8B8BDAF31E3AC78C0081AA71 /* FMResultSet.m in Sources */,
				8B8BDAF61E3AC78C0081AA71 /* FMDatabasePool.m in Sources */,
				8B8BDAF51E3AC78C0081AA71 /* FMDatabaseAdditions.m in Sources */,
				8B8BDAF41E3AC78C0081AA71 /* FMDatabaseQueue.m in Sources */,
			);
			runOnlyForDeploymentPostprocessing = 0;
		};
/* End PBXSourcesBuildPhase section */

/* Begin PBXVariantGroup section */
		8B8BDAD31E3AAB6F0081AA71 /* Main.storyboard */ = {
			isa = PBXVariantGroup;
			children = (
				8B8BDAD41E3AAB6F0081AA71 /* Base */,
			);
			name = Main.storyboard;
			sourceTree = "<group>";
		};
		8B8BDAD81E3AAB6F0081AA71 /* LaunchScreen.storyboard */ = {
			isa = PBXVariantGroup;
			children = (
				8B8BDAD91E3AAB6F0081AA71 /* Base */,
			);
			name = LaunchScreen.storyboard;
			sourceTree = "<group>";
		};
/* End PBXVariantGroup section */

/* Begin XCBuildConfiguration section */
		8B8BDADC1E3AAB6F0081AA71 /* Debug */ = {
			isa = XCBuildConfiguration;
			buildSettings = {
				ALWAYS_SEARCH_USER_PATHS = NO;
				CLANG_ANALYZER_NONNULL = YES;
				CLANG_CXX_LANGUAGE_STANDARD = "gnu++0x";
				CLANG_CXX_LIBRARY = "libc++";
				CLANG_ENABLE_MODULES = YES;
				CLANG_ENABLE_OBJC_ARC = YES;
				CLANG_WARN_BOOL_CONVERSION = YES;
				CLANG_WARN_CONSTANT_CONVERSION = YES;
				CLANG_WARN_DIRECT_OBJC_ISA_USAGE = YES_ERROR;
				CLANG_WARN_DOCUMENTATION_COMMENTS = YES;
				CLANG_WARN_EMPTY_BODY = YES;
				CLANG_WARN_ENUM_CONVERSION = YES;
				CLANG_WARN_INFINITE_RECURSION = YES;
				CLANG_WARN_INT_CONVERSION = YES;
				CLANG_WARN_OBJC_ROOT_CLASS = YES_ERROR;
				CLANG_WARN_SUSPICIOUS_MOVE = YES;
				CLANG_WARN_UNREACHABLE_CODE = YES;
				CLANG_WARN__DUPLICATE_METHOD_MATCH = YES;
				"CODE_SIGN_IDENTITY[sdk=iphoneos*]" = "iPhone Developer";
				COPY_PHASE_STRIP = NO;
				DEBUG_INFORMATION_FORMAT = dwarf;
				ENABLE_STRICT_OBJC_MSGSEND = YES;
				ENABLE_TESTABILITY = YES;
				GCC_C_LANGUAGE_STANDARD = gnu99;
				GCC_DYNAMIC_NO_PIC = NO;
				GCC_NO_COMMON_BLOCKS = YES;
				GCC_OPTIMIZATION_LEVEL = 0;
				GCC_PREPROCESSOR_DEFINITIONS = (
					"DEBUG=1",
					"$(inherited)",
				);
				GCC_WARN_64_TO_32_BIT_CONVERSION = YES;
				GCC_WARN_ABOUT_RETURN_TYPE = YES_ERROR;
				GCC_WARN_UNDECLARED_SELECTOR = YES;
				GCC_WARN_UNINITIALIZED_AUTOS = YES_AGGRESSIVE;
				GCC_WARN_UNUSED_FUNCTION = YES;
				GCC_WARN_UNUSED_VARIABLE = YES;
				IPHONEOS_DEPLOYMENT_TARGET = 10.2;
				MTL_ENABLE_DEBUG_INFO = YES;
				ONLY_ACTIVE_ARCH = YES;
				SDKROOT = iphoneos;
				SWIFT_ACTIVE_COMPILATION_CONDITIONS = DEBUG;
				SWIFT_OPTIMIZATION_LEVEL = "-Onone";
			};
			name = Debug;
		};
		8B8BDADD1E3AAB6F0081AA71 /* Release */ = {
			isa = XCBuildConfiguration;
			buildSettings = {
				ALWAYS_SEARCH_USER_PATHS = NO;
				CLANG_ANALYZER_NONNULL = YES;
				CLANG_CXX_LANGUAGE_STANDARD = "gnu++0x";
				CLANG_CXX_LIBRARY = "libc++";
				CLANG_ENABLE_MODULES = YES;
				CLANG_ENABLE_OBJC_ARC = YES;
				CLANG_WARN_BOOL_CONVERSION = YES;
				CLANG_WARN_CONSTANT_CONVERSION = YES;
				CLANG_WARN_DIRECT_OBJC_ISA_USAGE = YES_ERROR;
				CLANG_WARN_DOCUMENTATION_COMMENTS = YES;
				CLANG_WARN_EMPTY_BODY = YES;
				CLANG_WARN_ENUM_CONVERSION = YES;
				CLANG_WARN_INFINITE_RECURSION = YES;
				CLANG_WARN_INT_CONVERSION = YES;
				CLANG_WARN_OBJC_ROOT_CLASS = YES_ERROR;
				CLANG_WARN_SUSPICIOUS_MOVE = YES;
				CLANG_WARN_UNREACHABLE_CODE = YES;
				CLANG_WARN__DUPLICATE_METHOD_MATCH = YES;
				"CODE_SIGN_IDENTITY[sdk=iphoneos*]" = "iPhone Developer";
				COPY_PHASE_STRIP = NO;
				DEBUG_INFORMATION_FORMAT = "dwarf-with-dsym";
				ENABLE_NS_ASSERTIONS = NO;
				ENABLE_STRICT_OBJC_MSGSEND = YES;
				GCC_C_LANGUAGE_STANDARD = gnu99;
				GCC_NO_COMMON_BLOCKS = YES;
				GCC_WARN_64_TO_32_BIT_CONVERSION = YES;
				GCC_WARN_ABOUT_RETURN_TYPE = YES_ERROR;
				GCC_WARN_UNDECLARED_SELECTOR = YES;
				GCC_WARN_UNINITIALIZED_AUTOS = YES_AGGRESSIVE;
				GCC_WARN_UNUSED_FUNCTION = YES;
				GCC_WARN_UNUSED_VARIABLE = YES;
				IPHONEOS_DEPLOYMENT_TARGET = 10.2;
				MTL_ENABLE_DEBUG_INFO = NO;
				SDKROOT = iphoneos;
				SWIFT_OPTIMIZATION_LEVEL = "-Owholemodule";
				VALIDATE_PRODUCT = YES;
			};
			name = Release;
		};
		8B8BDADF1E3AAB6F0081AA71 /* Debug */ = {
			isa = XCBuildConfiguration;
			buildSettings = {
				ASSETCATALOG_COMPILER_APPICON_NAME = AppIcon;
				CLANG_ENABLE_MODULES = YES;
				DEVELOPMENT_TEAM = Y44QXXQB5Q;
				INFOPLIST_FILE = sqliteNew/Info.plist;
				LD_RUNPATH_SEARCH_PATHS = "$(inherited) @executable_path/Frameworks";
				PRODUCT_BUNDLE_IDENTIFIER = Row52.sqliteNew;
				PRODUCT_NAME = "$(TARGET_NAME)";
				SWIFT_OBJC_BRIDGING_HEADER = "sqliteNew/sqliteNew-Bridging-Header.h";
				SWIFT_OPTIMIZATION_LEVEL = "-Onone";
				SWIFT_VERSION = 3.0;
			};
			name = Debug;
		};
		8B8BDAE01E3AAB6F0081AA71 /* Release */ = {
			isa = XCBuildConfiguration;
			buildSettings = {
				ASSETCATALOG_COMPILER_APPICON_NAME = AppIcon;
				CLANG_ENABLE_MODULES = YES;
				DEVELOPMENT_TEAM = Y44QXXQB5Q;
				INFOPLIST_FILE = sqliteNew/Info.plist;
				LD_RUNPATH_SEARCH_PATHS = "$(inherited) @executable_path/Frameworks";
				PRODUCT_BUNDLE_IDENTIFIER = Row52.sqliteNew;
				PRODUCT_NAME = "$(TARGET_NAME)";
				SWIFT_OBJC_BRIDGING_HEADER = "sqliteNew/sqliteNew-Bridging-Header.h";
				SWIFT_VERSION = 3.0;
			};
			name = Release;
		};
/* End XCBuildConfiguration section */

/* Begin XCConfigurationList section */
		8B8BDAC71E3AAB6F0081AA71 /* Build configuration list for PBXProject "sqliteNew" */ = {
			isa = XCConfigurationList;
			buildConfigurations = (
				8B8BDADC1E3AAB6F0081AA71 /* Debug */,
				8B8BDADD1E3AAB6F0081AA71 /* Release */,
			);
			defaultConfigurationIsVisible = 0;
			defaultConfigurationName = Release;
		};
		8B8BDADE1E3AAB6F0081AA71 /* Build configuration list for PBXNativeTarget "sqliteNew" */ = {
			isa = XCConfigurationList;
			buildConfigurations = (
				8B8BDADF1E3AAB6F0081AA71 /* Debug */,
				8B8BDAE01E3AAB6F0081AA71 /* Release */,
			);
			defaultConfigurationIsVisible = 0;
		};
/* End XCConfigurationList section */
	};
	rootObject = 8B8BDAC41E3AAB6F0081AA71 /* Project object */;
}
